
Microsoft Visual Studio Solution File, Format Version 12.00
# Visual Studio Version 16
VisualStudioVersion = 16.0.31129.286
MinimumVisualStudioVersion = 10.0.40219.1
Project("{FAE04EC0-301F-11D3-BF4B-00C04F79EFBC}") = "LearningArrays", "LearningArrays\LearningArrays.csproj", "{DD9CAA74-6BFF-4395-BE5F-308ED4E10B9C}"
EndProject
Global
	GlobalSection(SolutionConfigurationPlatforms) = preSolution
		Debug|Any CPU = Debug|Any CPU
		Release|Any CPU = Release|Any CPU
	EndGlobalSection
	GlobalSection(ProjectConfigurationPlatforms) = postSolution
		{DD9CAA74-6BFF-4395-BE5F-308ED4E10B9C}.Debug|Any CPU.ActiveCfg = Debug|Any CPU
		{DD9CAA74-6BFF-4395-BE5F-308ED4E10B9C}.Debug|Any CPU.Build.0 = Debug|Any CPU
		{DD9CAA74-6BFF-4395-BE5F-308ED4E10B9C}.Release|Any CPU.ActiveCfg = Release|Any CPU
		{DD9CAA74-6BFF-4395-BE5F-308ED4E10B9C}.Release|Any CPU.Build.0 = Release|Any CPU
	EndGlobalSection
	GlobalSection(SolutionProperties) = preSolution
		HideSolutionNode = FALSE
	EndGlobalSection
	GlobalSection(ExtensibilityGlobals) = postSolution
		SolutionGuid = {40A641E7-4921-4602-ADA6-4A1943F5EA22}
	EndGlobalSection
EndGlobal
